// !$*UTF8*$!
{
	archiveVersion = 1;
	classes = {
	};
	objectVersion = 46;
	objects = {

/* Begin PBXBuildFile section */
		10CB5DFD1E9AB22000B35427 /* main.m in Sources */ = {isa = PBXBuildFile; fileRef = 10CB5DFC1E9AB22000B35427 /* main.m */; };
		10CB5E001E9AB22000B35427 /* AppDelegate.m in Sources */ = {isa = PBXBuildFile; fileRef = 10CB5DFF1E9AB22000B35427 /* AppDelegate.m */; };
		10CB5E061E9AB22000B35427 /* Main.storyboard in Resources */ = {isa = PBXBuildFile; fileRef = 10CB5E041E9AB22000B35427 /* Main.storyboard */; };
		10CB5E081E9AB22000B35427 /* Assets.xcassets in Resources */ = {isa = PBXBuildFile; fileRef = 10CB5E071E9AB22000B35427 /* Assets.xcassets */; };
		10CB5E0B1E9AB22000B35427 /* LaunchScreen.storyboard in Resources */ = {isa = PBXBuildFile; fileRef = 10CB5E091E9AB22000B35427 /* LaunchScreen.storyboard */; };
		10EDCA3F1E9B16C000E3CA94 /* PayoutTable.m in Sources */ = {isa = PBXBuildFile; fileRef = 10EDCA3E1E9B16C000E3CA94 /* PayoutTable.m */; };
		10EDCA451E9B28D400E3CA94 /* PayoutTableCell.m in Sources */ = {isa = PBXBuildFile; fileRef = 10EDCA441E9B28D400E3CA94 /* PayoutTableCell.m */; };
		10F3E8341E9AD69500799048 /* HandViewController.m in Sources */ = {isa = PBXBuildFile; fileRef = 10F3E8331E9AD69500799048 /* HandViewController.m */; };
		10F3E8371E9AD81400799048 /* CardCollectionViewCell.m in Sources */ = {isa = PBXBuildFile; fileRef = 10F3E8361E9AD81400799048 /* CardCollectionViewCell.m */; };
		10FEFBAB1EA3F91E001EF09D /* results.plist in Resources */ = {isa = PBXBuildFile; fileRef = 10FEFBAA1EA3F91E001EF09D /* results.plist */; };
/* End PBXBuildFile section */

/* Begin PBXContainerItemProxy section */
		107928271EA2962E00410B81 /* PBXContainerItemProxy */ = {
			isa = PBXContainerItemProxy;
			containerPortal = 107928231EA2962D00410B81 /* HandResultsGenerator.xcodeproj */;
			proxyType = 2;
			remoteGlobalIDString = 107928191EA2962D00410B81;
			remoteInfo = HandResultsGenerator;
		};
/* End PBXContainerItemProxy section */

/* Begin PBXFileReference section */
		107928231EA2962D00410B81 /* HandResultsGenerator.xcodeproj */ = {isa = PBXFileReference; lastKnownFileType = "wrapper.pb-project"; name = HandResultsGenerator.xcodeproj; path = HandResultsGenerator/HandResultsGenerator.xcodeproj; sourceTree = SOURCE_ROOT; };
		10CB5DF81E9AB22000B35427 /* Card Shark.app */ = {isa = PBXFileReference; explicitFileType = wrapper.application; includeInIndex = 0; path = "Card Shark.app"; sourceTree = BUILT_PRODUCTS_DIR; };
		10CB5DFC1E9AB22000B35427 /* main.m */ = {isa = PBXFileReference; lastKnownFileType = sourcecode.c.objc; path = main.m; sourceTree = "<group>"; };
		10CB5DFE1E9AB22000B35427 /* AppDelegate.h */ = {isa = PBXFileReference; lastKnownFileType = sourcecode.c.h; path = AppDelegate.h; sourceTree = "<group>"; };
		10CB5DFF1E9AB22000B35427 /* AppDelegate.m */ = {isa = PBXFileReference; lastKnownFileType = sourcecode.c.objc; path = AppDelegate.m; sourceTree = "<group>"; };
		10CB5E051E9AB22000B35427 /* Base */ = {isa = PBXFileReference; lastKnownFileType = file.storyboard; name = Base; path = Base.lproj/Main.storyboard; sourceTree = "<group>"; };
		10CB5E071E9AB22000B35427 /* Assets.xcassets */ = {isa = PBXFileReference; lastKnownFileType = folder.assetcatalog; path = Assets.xcassets; sourceTree = "<group>"; };
		10CB5E0A1E9AB22000B35427 /* Base */ = {isa = PBXFileReference; lastKnownFileType = file.storyboard; name = Base; path = Base.lproj/LaunchScreen.storyboard; sourceTree = "<group>"; };
		10CB5E0C1E9AB22000B35427 /* Info.plist */ = {isa = PBXFileReference; lastKnownFileType = text.plist.xml; path = Info.plist; sourceTree = "<group>"; };
		10EDCA3D1E9B16C000E3CA94 /* PayoutTable.h */ = {isa = PBXFileReference; fileEncoding = 4; lastKnownFileType = sourcecode.c.h; path = PayoutTable.h; sourceTree = "<group>"; };
		10EDCA3E1E9B16C000E3CA94 /* PayoutTable.m */ = {isa = PBXFileReference; fileEncoding = 4; lastKnownFileType = sourcecode.c.objc; path = PayoutTable.m; sourceTree = "<group>"; };
		10EDCA431E9B28D400E3CA94 /* PayoutTableCell.h */ = {isa = PBXFileReference; fileEncoding = 4; lastKnownFileType = sourcecode.c.h; path = PayoutTableCell.h; sourceTree = "<group>"; };
		10EDCA441E9B28D400E3CA94 /* PayoutTableCell.m */ = {isa = PBXFileReference; fileEncoding = 4; lastKnownFileType = sourcecode.c.objc; path = PayoutTableCell.m; sourceTree = "<group>"; };
		10F3E8321E9AD69500799048 /* HandViewController.h */ = {isa = PBXFileReference; fileEncoding = 4; lastKnownFileType = sourcecode.c.h; path = HandViewController.h; sourceTree = "<group>"; };
		10F3E8331E9AD69500799048 /* HandViewController.m */ = {isa = PBXFileReference; fileEncoding = 4; lastKnownFileType = sourcecode.c.objc; path = HandViewController.m; sourceTree = "<group>"; };
		10F3E8351E9AD81400799048 /* CardCollectionViewCell.h */ = {isa = PBXFileReference; fileEncoding = 4; lastKnownFileType = sourcecode.c.h; path = CardCollectionViewCell.h; sourceTree = "<group>"; };
		10F3E8361E9AD81400799048 /* CardCollectionViewCell.m */ = {isa = PBXFileReference; fileEncoding = 4; lastKnownFileType = sourcecode.c.objc; path = CardCollectionViewCell.m; sourceTree = "<group>"; };
		10FEFBAA1EA3F91E001EF09D /* results.plist */ = {isa = PBXFileReference; lastKnownFileType = file.bplist; path = results.plist; sourceTree = "<group>"; };
/* End PBXFileReference section */

/* Begin PBXFrameworksBuildPhase section */
		10CB5DF51E9AB22000B35427 /* Frameworks */ = {
			isa = PBXFrameworksBuildPhase;
			buildActionMask = 2147483647;
			files = (
			);
			runOnlyForDeploymentPostprocessing = 0;
		};
/* End PBXFrameworksBuildPhase section */

/* Begin PBXGroup section */
		107928241EA2962D00410B81 /* Products */ = {
			isa = PBXGroup;
			children = (
				107928281EA2962E00410B81 /* HandResultsGenerator */,
			);
			name = Products;
			sourceTree = "<group>";
		};
		10CB5DEF1E9AB22000B35427 = {
			isa = PBXGroup;
			children = (
				10CB5DFA1E9AB22000B35427 /* Card Shark */,
				10CB5DF91E9AB22000B35427 /* Products */,
			);
			sourceTree = "<group>";
		};
		10CB5DF91E9AB22000B35427 /* Products */ = {
			isa = PBXGroup;
			children = (
				10CB5DF81E9AB22000B35427 /* Card Shark.app */,
			);
			name = Products;
			sourceTree = "<group>";
		};
		10CB5DFA1E9AB22000B35427 /* Card Shark */ = {
			isa = PBXGroup;
			children = (
				107928231EA2962D00410B81 /* HandResultsGenerator.xcodeproj */,
				10CB5DFE1E9AB22000B35427 /* AppDelegate.h */,
				10CB5DFF1E9AB22000B35427 /* AppDelegate.m */,
				10CB5E041E9AB22000B35427 /* Main.storyboard */,
				10F3E8351E9AD81400799048 /* CardCollectionViewCell.h */,
				10F3E8361E9AD81400799048 /* CardCollectionViewCell.m */,
				10CB5E071E9AB22000B35427 /* Assets.xcassets */,
				10CB5E091E9AB22000B35427 /* LaunchScreen.storyboard */,
				10CB5E0C1E9AB22000B35427 /* Info.plist */,
				10FEFBAA1EA3F91E001EF09D /* results.plist */,
				10CB5DFB1E9AB22000B35427 /* Supporting Files */,
				10F3E8321E9AD69500799048 /* HandViewController.h */,
				10EDCA3E1E9B16C000E3CA94 /* PayoutTable.m */,
				10EDCA431E9B28D400E3CA94 /* PayoutTableCell.h */,
				10EDCA441E9B28D400E3CA94 /* PayoutTableCell.m */,
				10EDCA3D1E9B16C000E3CA94 /* PayoutTable.h */,
				10F3E8331E9AD69500799048 /* HandViewController.m */,
			);
			path = "Card Shark";
			sourceTree = "<group>";
		};
		10CB5DFB1E9AB22000B35427 /* Supporting Files */ = {
			isa = PBXGroup;
			children = (
				10CB5DFC1E9AB22000B35427 /* main.m */,
			);
			name = "Supporting Files";
			sourceTree = "<group>";
		};
/* End PBXGroup section */

/* Begin PBXNativeTarget section */
		10CB5DF71E9AB22000B35427 /* Card Shark */ = {
			isa = PBXNativeTarget;
			buildConfigurationList = 10CB5E0F1E9AB22000B35427 /* Build configuration list for PBXNativeTarget "Card Shark" */;
			buildPhases = (
				10CB5DF41E9AB22000B35427 /* Sources */,
				10CB5DF51E9AB22000B35427 /* Frameworks */,
				10CB5DF61E9AB22000B35427 /* Resources */,
			);
			buildRules = (
			);
			dependencies = (
			);
			name = "Card Shark";
			productName = "Card Shark";
			productReference = 10CB5DF81E9AB22000B35427 /* Card Shark.app */;
			productType = "com.apple.product-type.application";
		};
/* End PBXNativeTarget section */

/* Begin PBXProject section */
		10CB5DF01E9AB22000B35427 /* Project object */ = {
			isa = PBXProject;
			attributes = {
				LastUpgradeCheck = 0830;
				ORGANIZATIONNAME = "Samuel Vercauteren";
				TargetAttributes = {
					10CB5DF71E9AB22000B35427 = {
						CreatedOnToolsVersion = 8.3;
						ProvisioningStyle = Automatic;
					};
				};
			};
			buildConfigurationList = 10CB5DF31E9AB22000B35427 /* Build configuration list for PBXProject "Card Shark" */;
			compatibilityVersion = "Xcode 3.2";
			developmentRegion = English;
			hasScannedForEncodings = 0;
			knownRegions = (
				en,
				Base,
			);
			mainGroup = 10CB5DEF1E9AB22000B35427;
			productRefGroup = 10CB5DF91E9AB22000B35427 /* Products */;
			projectDirPath = "";
			projectReferences = (
				{
					ProductGroup = 107928241EA2962D00410B81 /* Products */;
					ProjectRef = 107928231EA2962D00410B81 /* HandResultsGenerator.xcodeproj */;
				},
			);
			projectRoot = "";
			targets = (
				10CB5DF71E9AB22000B35427 /* Card Shark */,
			);
		};
/* End PBXProject section */

/* Begin PBXReferenceProxy section */
		107928281EA2962E00410B81 /* HandResultsGenerator */ = {
			isa = PBXReferenceProxy;
			fileType = "compiled.mach-o.executable";
			path = HandResultsGenerator;
			remoteRef = 107928271EA2962E00410B81 /* PBXContainerItemProxy */;
			sourceTree = BUILT_PRODUCTS_DIR;
		};
/* End PBXReferenceProxy section */

/* Begin PBXResourcesBuildPhase section */
		10CB5DF61E9AB22000B35427 /* Resources */ = {
			isa = PBXResourcesBuildPhase;
			buildActionMask = 2147483647;
			files = (
				10CB5E0B1E9AB22000B35427 /* LaunchScreen.storyboard in Resources */,
				10FEFBAB1EA3F91E001EF09D /* results.plist in Resources */,
				10CB5E081E9AB22000B35427 /* Assets.xcassets in Resources */,
				10CB5E061E9AB22000B35427 /* Main.storyboard in Resources */,
			);
			runOnlyForDeploymentPostprocessing = 0;
		};
/* End PBXResourcesBuildPhase section */

/* Begin PBXSourcesBuildPhase section */
		10CB5DF41E9AB22000B35427 /* Sources */ = {
			isa = PBXSourcesBuildPhase;
			buildActionMask = 2147483647;
			files = (
				10F3E8341E9AD69500799048 /* HandViewController.m in Sources */,
				10F3E8371E9AD81400799048 /* CardCollectionViewCell.m in Sources */,
				10EDCA451E9B28D400E3CA94 /* PayoutTableCell.m in Sources */,
				10CB5E001E9AB22000B35427 /* AppDelegate.m in Sources */,
				10EDCA3F1E9B16C000E3CA94 /* PayoutTable.m in Sources */,
				10CB5DFD1E9AB22000B35427 /* main.m in Sources */,
			);
			runOnlyForDeploymentPostprocessing = 0;
		};
/* End PBXSourcesBuildPhase section */

/* Begin PBXVariantGroup section */
		10CB5E041E9AB22000B35427 /* Main.storyboard */ = {
			isa = PBXVariantGroup;
			children = (
				10CB5E051E9AB22000B35427 /* Base */,
			);
			name = Main.storyboard;
			sourceTree = "<group>";
		};
		10CB5E091E9AB22000B35427 /* LaunchScreen.storyboard */ = {
			isa = PBXVariantGroup;
			children = (
				10CB5E0A1E9AB22000B35427 /* Base */,
			);
			name = LaunchScreen.storyboard;
			sourceTree = "<group>";
		};
/* End PBXVariantGroup section */

/* Begin XCBuildConfiguration section */
		10CB5E0D1E9AB22000B35427 /* Debug */ = {
			isa = XCBuildConfiguration;
			buildSettings = {
				ALWAYS_SEARCH_USER_PATHS = NO;
				CLANG_ANALYZER_NONNULL = YES;
				CLANG_ANALYZER_NUMBER_OBJECT_CONVERSION = YES_AGGRESSIVE;
				CLANG_CXX_LANGUAGE_STANDARD = "gnu++0x";
				CLANG_CXX_LIBRARY = "libc++";
				CLANG_ENABLE_MODULES = YES;
				CLANG_ENABLE_OBJC_ARC = YES;
				CLANG_WARN_BOOL_CONVERSION = YES;
				CLANG_WARN_CONSTANT_CONVERSION = YES;
				CLANG_WARN_DIRECT_OBJC_ISA_USAGE = YES_ERROR;
				CLANG_WARN_DOCUMENTATION_COMMENTS = YES;
				CLANG_WARN_EMPTY_BODY = YES;
				CLANG_WARN_ENUM_CONVERSION = YES;
				CLANG_WARN_INFINITE_RECURSION = YES;
				CLANG_WARN_INT_CONVERSION = YES;
				CLANG_WARN_OBJC_ROOT_CLASS = YES_ERROR;
				CLANG_WARN_SUSPICIOUS_MOVE = YES;
				CLANG_WARN_UNREACHABLE_CODE = YES;
				CLANG_WARN__DUPLICATE_METHOD_MATCH = YES;
				"CODE_SIGN_IDENTITY[sdk=iphoneos*]" = "iPhone Developer";
				COPY_PHASE_STRIP = NO;
				DEBUG_INFORMATION_FORMAT = dwarf;
				ENABLE_STRICT_OBJC_MSGSEND = YES;
				ENABLE_TESTABILITY = YES;
				GCC_C_LANGUAGE_STANDARD = gnu99;
				GCC_DYNAMIC_NO_PIC = NO;
				GCC_NO_COMMON_BLOCKS = YES;
				GCC_OPTIMIZATION_LEVEL = 0;
				GCC_PREPROCESSOR_DEFINITIONS = (
					"DEBUG=1",
					"$(inherited)",
				);
				GCC_WARN_64_TO_32_BIT_CONVERSION = YES;
				GCC_WARN_ABOUT_RETURN_TYPE = YES_ERROR;
				GCC_WARN_UNDECLARED_SELECTOR = YES;
				GCC_WARN_UNINITIALIZED_AUTOS = YES_AGGRESSIVE;
				GCC_WARN_UNUSED_FUNCTION = YES;
				GCC_WARN_UNUSED_VARIABLE = YES;
				IPHONEOS_DEPLOYMENT_TARGET = 10.3;
				MTL_ENABLE_DEBUG_INFO = YES;
				ONLY_ACTIVE_ARCH = YES;
				SDKROOT = iphoneos;
			};
			name = Debug;
		};
		10CB5E0E1E9AB22000B35427 /* Release */ = {
			isa = XCBuildConfiguration;
			buildSettings = {
				ALWAYS_SEARCH_USER_PATHS = NO;
				CLANG_ANALYZER_NONNULL = YES;
				CLANG_ANALYZER_NUMBER_OBJECT_CONVERSION = YES_AGGRESSIVE;
				CLANG_CXX_LANGUAGE_STANDARD = "gnu++0x";
				CLANG_CXX_LIBRARY = "libc++";
				CLANG_ENABLE_MODULES = YES;
				CLANG_ENABLE_OBJC_ARC = YES;
				CLANG_WARN_BOOL_CONVERSION = YES;
				CLANG_WARN_CONSTANT_CONVERSION = YES;
				CLANG_WARN_DIRECT_OBJC_ISA_USAGE = YES_ERROR;
				CLANG_WARN_DOCUMENTATION_COMMENTS = YES;
				CLANG_WARN_EMPTY_BODY = YES;
				CLANG_WARN_ENUM_CONVERSION = YES;
				CLANG_WARN_INFINITE_RECURSION = YES;
				CLANG_WARN_INT_CONVERSION = YES;
				CLANG_WARN_OBJC_ROOT_CLASS = YES_ERROR;
				CLANG_WARN_SUSPICIOUS_MOVE = YES;
				CLANG_WARN_UNREACHABLE_CODE = YES;
				CLANG_WARN__DUPLICATE_METHOD_MATCH = YES;
				"CODE_SIGN_IDENTITY[sdk=iphoneos*]" = "iPhone Developer";
				COPY_PHASE_STRIP = NO;
				DEBUG_INFORMATION_FORMAT = "dwarf-with-dsym";
				ENABLE_NS_ASSERTIONS = NO;
				ENABLE_STRICT_OBJC_MSGSEND = YES;
				GCC_C_LANGUAGE_STANDARD = gnu99;
				GCC_NO_COMMON_BLOCKS = YES;
				GCC_WARN_64_TO_32_BIT_CONVERSION = YES;
				GCC_WARN_ABOUT_RETURN_TYPE = YES_ERROR;
				GCC_WARN_UNDECLARED_SELECTOR = YES;
				GCC_WARN_UNINITIALIZED_AUTOS = YES_AGGRESSIVE;
				GCC_WARN_UNUSED_FUNCTION = YES;
				GCC_WARN_UNUSED_VARIABLE = YES;
				IPHONEOS_DEPLOYMENT_TARGET = 10.3;
				MTL_ENABLE_DEBUG_INFO = NO;
				SDKROOT = iphoneos;
				VALIDATE_PRODUCT = YES;
			};
			name = Release;
		};
		10CB5E101E9AB22000B35427 /* Debug */ = {
			isa = XCBuildConfiguration;
			buildSettings = {
				ASSETCATALOG_COMPILER_APPICON_NAME = AppIcon;
				INFOPLIST_FILE = "Card Shark/Info.plist";
				LD_RUNPATH_SEARCH_PATHS = "$(inherited) @executable_path/Frameworks";
				PRODUCT_BUNDLE_IDENTIFIER = "SJV.Card-Shark";
				PRODUCT_NAME = "$(TARGET_NAME)";
			};
			name = Debug;
		};
		10CB5E111E9AB22000B35427 /* Release */ = {
			isa = XCBuildConfiguration;
			buildSettings = {
				ASSETCATALOG_COMPILER_APPICON_NAME = AppIcon;
				INFOPLIST_FILE = "Card Shark/Info.plist";
				LD_RUNPATH_SEARCH_PATHS = "$(inherited) @executable_path/Frameworks";
				PRODUCT_BUNDLE_IDENTIFIER = "SJV.Card-Shark";
				PRODUCT_NAME = "$(TARGET_NAME)";
			};
			name = Release;
		};
/* End XCBuildConfiguration section */

/* Begin XCConfigurationList section */
		10CB5DF31E9AB22000B35427 /* Build configuration list for PBXProject "Card Shark" */ = {
			isa = XCConfigurationList;
			buildConfigurations = (
				10CB5E0D1E9AB22000B35427 /* Debug */,
				10CB5E0E1E9AB22000B35427 /* Release */,
			);
			defaultConfigurationIsVisible = 0;
			defaultConfigurationName = Release;
		};
		10CB5E0F1E9AB22000B35427 /* Build configuration list for PBXNativeTarget "Card Shark" */ = {
			isa = XCConfigurationList;
			buildConfigurations = (
				10CB5E101E9AB22000B35427 /* Debug */,
				10CB5E111E9AB22000B35427 /* Release */,
			);
			defaultConfigurationIsVisible = 0;
			defaultConfigurationName = Release;
		};
/* End XCConfigurationList section */
	};
	rootObject = 10CB5DF01E9AB22000B35427 /* Project object */;
}
